<?xml version="1.0" encoding="utf-8"?>
<Project ToolsVersion="4.0" xmlns="http://schemas.microsoft.com/developer/msbuild/2003">
  <ItemGroup>
    <Filter Include="Source Files">
      <UniqueIdentifier>{4FC737F1-C7A5-4376-A066-2A32D752A2FF}</UniqueIdentifier>
      <Extensions>cpp;c;cc;cxx;def;odl;idl;hpj;bat;asm;asmx</Extensions>
    </Filter>
    <Filter Include="Header Files">
      <UniqueIdentifier>{93995380-89BD-4b04-88EB-625FBE52EBFB}</UniqueIdentifier>
      <Extensions>h;hh;hpp;hxx;hm;inl;inc;xsd</Extensions>
    </Filter>
    <Filter Include="Resource Files">
      <UniqueIdentifier>{67DA6AB6-F800-4c08-8B7A-83BB121AAD01}</UniqueIdentifier>
      <Extensions>rc;ico;cur;bmp;dlg;rc2;rct;bin;rgs;gif;jpg;jpeg;jpe;resx;tiff;tif;png;wav</Extensions>
    </Filter>
  </ItemGroup>
  <ItemGroup>
    <ClCompile Include="src\sqlite_lint.cc">
      <Filter>Source Files</Filter>
    </ClCompile>
    <ClCompile Include="src\md5.c">
      <Filter>Source Files</Filter>
    </ClCompile>
    <ClCompile Include="src\checker\avoid_auto_increment_checker.cc">
      <Filter>Source Files</Filter>
    </ClCompile>
    <ClCompile Include="src\checker\avoid_select_all_checker.cc">
      <Filter>Source Files</Filter>
    </ClCompile>
    <ClCompile Include="src\checker\checker.cc">
      <Filter>Source Files</Filter>
    </ClCompile>
    <ClCompile Include="src\checker\execute_select_continuous_checker.cc">
      <Filter>Source Files</Filter>
    </ClCompile>
    <ClCompile Include="src\checker\merge_transaction_checker.cc">
      <Filter>Source Files</Filter>
    </ClCompile>
    <ClCompile Include="src\checker\prepared_statement_better_checker.cc">
      <Filter>Source Files</Filter>
    </ClCompile>
    <ClCompile Include="src\checker\prepared_statement_must_checker.cc">
      <Filter>Source Files</Filter>
    </ClCompile>
    <ClCompile Include="src\checker\redundant_index_checker.cc">
      <Filter>Source Files</Filter>
    </ClCompile>
    <ClCompile Include="src\checker\replace_into_checker.cc">
      <Filter>Source Files</Filter>
    </ClCompile>
    <ClCompile Include="src\checker\without_rowid_better_checker.cc">
      <Filter>Source Files</Filter>
    </ClCompile>
    <ClCompile Include="src\checker\eqp\explain_query_plan_checker.cc">
      <Filter>Source Files</Filter>
    </ClCompile>
    <ClCompile Include="src\checker\eqp\explain_query_plan_tree.cc">
      <Filter>Source Files</Filter>
    </ClCompile>
    <ClCompile Include="src\checker\eqp\select_tree_helper.cc">
      <Filter>Source Files</Filter>
    </ClCompile>
    <ClCompile Include="src\checker\eqp\where_clause_table_column_finder.cc">
      <Filter>Source Files</Filter>
    </ClCompile>
    <ClCompile Include="src\comm\lint_util.cc">
      <Filter>Source Files</Filter>
    </ClCompile>
    <ClCompile Include="src\comm\log\logger.cc">
      <Filter>Source Files</Filter>
    </ClCompile>
    <ClCompile Include="src\core\lint.cc">
      <Filter>Source Files</Filter>
    </ClCompile>
    <ClCompile Include="src\core\lint_env.cc">
      <Filter>Source Files</Filter>
    </ClCompile>
    <ClCompile Include="src\core\lint_info.cc">
      <Filter>Source Files</Filter>
    </ClCompile>
    <ClCompile Include="src\core\lint_logic.cc">
      <Filter>Source Files</Filter>
    </ClCompile>
    <ClCompile Include="src\core\lint_manager.cc">
      <Filter>Source Files</Filter>
    </ClCompile>
    <ClCompile Include="src\core\sql_Info_processor.cc">
      <Filter>Source Files</Filter>
    </ClCompile>
    <ClCompile Include="src\core\white_list_mgr.cc">
      <Filter>Source Files</Filter>
    </ClCompile>
    <ClCompile Include="src\lemon\build.c">
      <Filter>Source Files</Filter>
    </ClCompile>
    <ClCompile Include="src\lemon\delete.c">
      <Filter>Source Files</Filter>
    </ClCompile>
    <ClCompile Include="src\lemon\expr.c">
      <Filter>Source Files</Filter>
    </ClCompile>
    <ClCompile Include="src\lemon\insert.c">
      <Filter>Source Files</Filter>
    </ClCompile>
    <ClCompile Include="src\lemon\os.c">
      <Filter>Source Files</Filter>
    </ClCompile>
    <ClCompile Include="src\lemon\os_win.c">
      <Filter>Source Files</Filter>
    </ClCompile>
    <ClCompile Include="src\lemon\parse.c">
      <Filter>Source Files</Filter>
    </ClCompile>
    <ClCompile Include="src\lemon\printf.c">
      <Filter>Source Files</Filter>
    </ClCompile>
    <ClCompile Include="src\lemon\random.c">
      <Filter>Source Files</Filter>
    </ClCompile>
    <ClCompile Include="src\lemon\select.c">
      <Filter>Source Files</Filter>
    </ClCompile>
    <ClCompile Include="src\lemon\tokenize.c">
      <Filter>Source Files</Filter>
    </ClCompile>
    <ClCompile Include="src\lemon\update.c">
      <Filter>Source Files</Filter>
    </ClCompile>
    <ClCompile Include="src\lemon\util.c">
      <Filter>Source Files</Filter>
    </ClCompile>
  </ItemGroup>
  <ItemGroup>
    <ClInclude Include="src\md5.h">
      <Filter>Header Files</Filter>
    </ClInclude>
    <ClInclude Include="src\slint.h">
      <Filter>Header Files</Filter>
    </ClInclude>
    <ClInclude Include="src\sqlite_lint.h">
      <Filter>Header Files</Filter>
    </ClInclude>
    <ClInclude Include="src\checker\avoid_auto_increment_checker.h">
      <Filter>Header Files</Filter>
    </ClInclude>
    <ClInclude Include="src\checker\avoid_select_all_checker.h">
      <Filter>Header Files</Filter>
    </ClInclude>
    <ClInclude Include="src\checker\checker.h">
      <Filter>Header Files</Filter>
    </ClInclude>
    <ClInclude Include="src\checker\execute_select_continuous_checker.h">
      <Filter>Header Files</Filter>
    </ClInclude>
    <ClInclude Include="src\checker\merge_transaction_checker.h">
      <Filter>Header Files</Filter>
    </ClInclude>
    <ClInclude Include="src\checker\prepared_statement_better_checker.h">
      <Filter>Header Files</Filter>
    </ClInclude>
    <ClInclude Include="src\checker\prepared_statement_must_checker.h">
      <Filter>Header Files</Filter>
    </ClInclude>
    <ClInclude Include="src\checker\redundant_index_checker.h">
      <Filter>Header Files</Filter>
    </ClInclude>
    <ClInclude Include="src\checker\replace_into_checker.h">
      <Filter>Header Files</Filter>
    </ClInclude>
    <ClInclude Include="src\checker\without_rowid_better_checker.h">
      <Filter>Header Files</Filter>
    </ClInclude>
    <ClInclude Include="src\checker\eqp\explain_query_plan_checker.h">
      <Filter>Header Files</Filter>
    </ClInclude>
    <ClInclude Include="src\checker\eqp\explain_query_plan_tree.h">
      <Filter>Header Files</Filter>
    </ClInclude>
    <ClInclude Include="src\checker\eqp\select_tree_helper.h">
      <Filter>Header Files</Filter>
    </ClInclude>
    <ClInclude Include="src\checker\eqp\where_clause_table_column_finder.h">
      <Filter>Header Files</Filter>
    </ClInclude>
    <ClInclude Include="src\comm\lint_util.h">
      <Filter>Header Files</Filter>
    </ClInclude>
    <ClInclude Include="src\comm\lru_cache.h">
      <Filter>Header Files</Filter>
    </ClInclude>
    <ClInclude Include="src\comm\log\logger.h">
      <Filter>Header Files</Filter>
    </ClInclude>
    <ClInclude Include="src\core\lint.h">
      <Filter>Header Files</Filter>
    </ClInclude>
    <ClInclude Include="src\core\lint_env.h">
      <Filter>Header Files</Filter>
    </ClInclude>
    <ClInclude Include="src\core\lint_info.h">
      <Filter>Header Files</Filter>
    </ClInclude>
    <ClInclude Include="src\core\lint_logic.h">
      <Filter>Header Files</Filter>
    </ClInclude>
    <ClInclude Include="src\core\lint_manager.h">
      <Filter>Header Files</Filter>
    </ClInclude>
    <ClInclude Include="src\core\sql_Info_processor.h">
      <Filter>Header Files</Filter>
    </ClInclude>
    <ClInclude Include="src\core\white_list_mgr.h">
      <Filter>Header Files</Filter>
    </ClInclude>
    <ClInclude Include="src\lemon\hash.h">
      <Filter>Header Files</Filter>
    </ClInclude>
    <ClInclude Include="src\lemon\keywordhash.h">
      <Filter>Header Files</Filter>
    </ClInclude>
    <ClInclude Include="src\lemon\os.h">
      <Filter>Header Files</Filter>
    </ClInclude>
    <ClInclude Include="src\lemon\os_common.h">
      <Filter>Header Files</Filter>
    </ClInclude>
    <ClInclude Include="src\lemon\os_setup.h">
      <Filter>Header Files</Filter>
    </ClInclude>
    <ClInclude Include="src\lemon\os_win.h">
      <Filter>Header Files</Filter>
    </ClInclude>
    <ClInclude Include="src\lemon\parse.h">
      <Filter>Header Files</Filter>
    </ClInclude>
    <ClInclude Include="src\lemon\sqlite3.h">
      <Filter>Header Files</Filter>
    </ClInclude>
    <ClInclude Include="src\lemon\sqliteInt.h">
      <Filter>Header Files</Filter>
    </ClInclude>
  </ItemGroup>
</Project>